
Microsoft Visual Studio Solution File, Format Version 11.00
# Visual Studio 2010
Project("{FAE04EC0-301F-11D3-BF4B-00C04F79EFBC}") = "Pizza Ordering System", "Pizza Ordering System\Pizza Ordering System.csproj", "{31DE9BB2-8AE4-45E3-9F8C-C180B5C2EF8D}"
EndProject
Global
	GlobalSection(SolutionConfigurationPlatforms) = preSolution
		Debug|x86 = Debug|x86
		Release|x86 = Release|x86
	EndGlobalSection
	GlobalSection(ProjectConfigurationPlatforms) = postSolution
		{31DE9BB2-8AE4-45E3-9F8C-C180B5C2EF8D}.Debug|x86.ActiveCfg = Debug|x86
		{31DE9BB2-8AE4-45E3-9F8C-C180B5C2EF8D}.Debug|x86.Build.0 = Debug|x86
		{31DE9BB2-8AE4-45E3-9F8C-C180B5C2EF8D}.Release|x86.ActiveCfg = Release|x86
		{31DE9BB2-8AE4-45E3-9F8C-C180B5C2EF8D}.Release|x86.Build.0 = Release|x86
	EndGlobalSection
	GlobalSection(SolutionProperties) = preSolution
		HideSolutionNode = FALSE
	EndGlobalSection
EndGlobal
